// !$*UTF8*$!
{
	archiveVersion = 1;
	classes = {
	};
	objectVersion = 46;
	objects = {

/* Begin PBXBuildFile section */
		849EB1541CE9A78500248AC4 /* main.m in Sources */ = {isa = PBXBuildFile; fileRef = 849EB1531CE9A78500248AC4 /* main.m */; };
		FE2940061DAB55310079EA5B /* SwiftModel.swift in Sources */ = {isa = PBXBuildFile; fileRef = FE2940051DAB55310079EA5B /* SwiftModel.swift */; };
		FE3700F91D35DA3A006AD222 /* NSObject+WHC_Model.m in Sources */ = {isa = PBXBuildFile; fileRef = FE3700F81D35DA3A006AD222 /* NSObject+WHC_Model.m */; };
		FEF3ACB91D34EC7D00B7E299 /* TestModel.m in Sources */ = {isa = PBXBuildFile; fileRef = FEF3ACB81D34EC7D00B7E299 /* TestModel.m */; };
/* End PBXBuildFile section */

/* Begin PBXCopyFilesBuildPhase section */
		849EB14E1CE9A78500248AC4 /* CopyFiles */ = {
			isa = PBXCopyFilesBuildPhase;
			buildActionMask = 2147483647;
			dstPath = /usr/share/man/man1/;
			dstSubfolderSpec = 0;
			files = (
			);
			runOnlyForDeploymentPostprocessing = 1;
		};
/* End PBXCopyFilesBuildPhase section */

/* Begin PBXFileReference section */
		849EB1501CE9A78500248AC4 /* JsonModel */ = {isa = PBXFileReference; explicitFileType = "compiled.mach-o.executable"; includeInIndex = 0; path = JsonModel; sourceTree = BUILT_PRODUCTS_DIR; };
		849EB1531CE9A78500248AC4 /* main.m */ = {isa = PBXFileReference; lastKnownFileType = sourcecode.c.objc; path = main.m; sourceTree = "<group>"; };
		FE2940041DAB55300079EA5B /* JsonModel-Bridging-Header.h */ = {isa = PBXFileReference; lastKnownFileType = sourcecode.c.h; path = "JsonModel-Bridging-Header.h"; sourceTree = "<group>"; };
		FE2940051DAB55310079EA5B /* SwiftModel.swift */ = {isa = PBXFileReference; fileEncoding = 4; lastKnownFileType = sourcecode.swift; path = SwiftModel.swift; sourceTree = "<group>"; };
		FE3700F71D35DA3A006AD222 /* NSObject+WHC_Model.h */ = {isa = PBXFileReference; fileEncoding = 4; lastKnownFileType = sourcecode.c.h; path = "NSObject+WHC_Model.h"; sourceTree = "<group>"; };
		FE3700F81D35DA3A006AD222 /* NSObject+WHC_Model.m */ = {isa = PBXFileReference; fileEncoding = 4; lastKnownFileType = sourcecode.c.objc; path = "NSObject+WHC_Model.m"; sourceTree = "<group>"; };
		FEF3ACB71D34EC7D00B7E299 /* TestModel.h */ = {isa = PBXFileReference; fileEncoding = 4; lastKnownFileType = sourcecode.c.h; path = TestModel.h; sourceTree = "<group>"; };
		FEF3ACB81D34EC7D00B7E299 /* TestModel.m */ = {isa = PBXFileReference; fileEncoding = 4; lastKnownFileType = sourcecode.c.objc; path = TestModel.m; sourceTree = "<group>"; };
/* End PBXFileReference section */

/* Begin PBXFrameworksBuildPhase section */
		849EB14D1CE9A78500248AC4 /* Frameworks */ = {
			isa = PBXFrameworksBuildPhase;
			buildActionMask = 2147483647;
			files = (
			);
			runOnlyForDeploymentPostprocessing = 0;
		};
/* End PBXFrameworksBuildPhase section */

/* Begin PBXGroup section */
		849EB1471CE9A78500248AC4 = {
			isa = PBXGroup;
			children = (
				FE3700F71D35DA3A006AD222 /* NSObject+WHC_Model.h */,
				FE3700F81D35DA3A006AD222 /* NSObject+WHC_Model.m */,
				849EB1521CE9A78500248AC4 /* JsonModel */,
				849EB1511CE9A78500248AC4 /* Products */,
			);
			sourceTree = "<group>";
		};
		849EB1511CE9A78500248AC4 /* Products */ = {
			isa = PBXGroup;
			children = (
				849EB1501CE9A78500248AC4 /* JsonModel */,
			);
			name = Products;
			sourceTree = "<group>";
		};
		849EB1521CE9A78500248AC4 /* JsonModel */ = {
			isa = PBXGroup;
			children = (
				849EB1531CE9A78500248AC4 /* main.m */,
				FEF3ACB71D34EC7D00B7E299 /* TestModel.h */,
				FEF3ACB81D34EC7D00B7E299 /* TestModel.m */,
				FE2940051DAB55310079EA5B /* SwiftModel.swift */,
				FE2940041DAB55300079EA5B /* JsonModel-Bridging-Header.h */,
			);
			path = JsonModel;
			sourceTree = "<group>";
		};
/* End PBXGroup section */

/* Begin PBXNativeTarget section */
		849EB14F1CE9A78500248AC4 /* JsonModel */ = {
			isa = PBXNativeTarget;
			buildConfigurationList = 849EB1571CE9A78500248AC4 /* Build configuration list for PBXNativeTarget "JsonModel" */;
			buildPhases = (
				849EB14C1CE9A78500248AC4 /* Sources */,
				849EB14D1CE9A78500248AC4 /* Frameworks */,
				849EB14E1CE9A78500248AC4 /* CopyFiles */,
			);
			buildRules = (
			);
			dependencies = (
			);
			name = JsonModel;
			productName = JsonModel;
			productReference = 849EB1501CE9A78500248AC4 /* JsonModel */;
			productType = "com.apple.product-type.tool";
		};
/* End PBXNativeTarget section */

/* Begin PBXProject section */
		849EB1481CE9A78500248AC4 /* Project object */ = {
			isa = PBXProject;
			attributes = {
				LastUpgradeCheck = 0730;
				ORGANIZATIONNAME = whc;
				TargetAttributes = {
					849EB14F1CE9A78500248AC4 = {
						CreatedOnToolsVersion = 7.3.1;
						LastSwiftMigration = 0800;
					};
				};
			};
			buildConfigurationList = 849EB14B1CE9A78500248AC4 /* Build configuration list for PBXProject "JsonModel" */;
			compatibilityVersion = "Xcode 3.2";
			developmentRegion = English;
			hasScannedForEncodings = 0;
			knownRegions = (
				en,
			);
			mainGroup = 849EB1471CE9A78500248AC4;
			productRefGroup = 849EB1511CE9A78500248AC4 /* Products */;
			projectDirPath = "";
			projectRoot = "";
			targets = (
				849EB14F1CE9A78500248AC4 /* JsonModel */,
			);
		};
/* End PBXProject section */

/* Begin PBXSourcesBuildPhase section */
		849EB14C1CE9A78500248AC4 /* Sources */ = {
			isa = PBXSourcesBuildPhase;
			buildActionMask = 2147483647;
			files = (
				FE3700F91D35DA3A006AD222 /* NSObject+WHC_Model.m in Sources */,
				FE2940061DAB55310079EA5B /* SwiftModel.swift in Sources */,
				FEF3ACB91D34EC7D00B7E299 /* TestModel.m in Sources */,
				849EB1541CE9A78500248AC4 /* main.m in Sources */,
			);
			runOnlyForDeploymentPostprocessing = 0;
		};
/* End PBXSourcesBuildPhase section */

/* Begin XCBuildConfiguration section */
		849EB1551CE9A78500248AC4 /* Debug */ = {
			isa = XCBuildConfiguration;
			buildSettings = {
				ALWAYS_SEARCH_USER_PATHS = NO;
				CLANG_ANALYZER_NONNULL = YES;
				CLANG_CXX_LANGUAGE_STANDARD = "gnu++0x";
				CLANG_CXX_LIBRARY = "libc++";
				CLANG_ENABLE_MODULES = YES;
				CLANG_ENABLE_OBJC_ARC = YES;
				CLANG_WARN_BOOL_CONVERSION = YES;
				CLANG_WARN_CONSTANT_CONVERSION = YES;
				CLANG_WARN_DIRECT_OBJC_ISA_USAGE = YES_ERROR;
				CLANG_WARN_EMPTY_BODY = YES;
				CLANG_WARN_ENUM_CONVERSION = YES;
				CLANG_WARN_INT_CONVERSION = YES;
				CLANG_WARN_OBJC_ROOT_CLASS = YES_ERROR;
				CLANG_WARN_UNREACHABLE_CODE = YES;
				CLANG_WARN__DUPLICATE_METHOD_MATCH = YES;
				CODE_SIGN_IDENTITY = "-";
				COPY_PHASE_STRIP = NO;
				DEBUG_INFORMATION_FORMAT = dwarf;
				ENABLE_STRICT_OBJC_MSGSEND = YES;
				ENABLE_TESTABILITY = YES;
				GCC_C_LANGUAGE_STANDARD = gnu99;
				GCC_DYNAMIC_NO_PIC = NO;
				GCC_NO_COMMON_BLOCKS = YES;
				GCC_OPTIMIZATION_LEVEL = 0;
				GCC_PREPROCESSOR_DEFINITIONS = (
					"DEBUG=1",
					"$(inherited)",
				);
				GCC_WARN_64_TO_32_BIT_CONVERSION = YES;
				GCC_WARN_ABOUT_RETURN_TYPE = YES_ERROR;
				GCC_WARN_UNDECLARED_SELECTOR = YES;
				GCC_WARN_UNINITIALIZED_AUTOS = YES_AGGRESSIVE;
				GCC_WARN_UNUSED_FUNCTION = YES;
				GCC_WARN_UNUSED_VARIABLE = YES;
				MACOSX_DEPLOYMENT_TARGET = 10.11;
				MTL_ENABLE_DEBUG_INFO = YES;
				ONLY_ACTIVE_ARCH = YES;
				SDKROOT = macosx;
			};
			name = Debug;
		};
		849EB1561CE9A78500248AC4 /* Release */ = {
			isa = XCBuildConfiguration;
			buildSettings = {
				ALWAYS_SEARCH_USER_PATHS = NO;
				CLANG_ANALYZER_NONNULL = YES;
				CLANG_CXX_LANGUAGE_STANDARD = "gnu++0x";
				CLANG_CXX_LIBRARY = "libc++";
				CLANG_ENABLE_MODULES = YES;
				CLANG_ENABLE_OBJC_ARC = YES;
				CLANG_WARN_BOOL_CONVERSION = YES;
				CLANG_WARN_CONSTANT_CONVERSION = YES;
				CLANG_WARN_DIRECT_OBJC_ISA_USAGE = YES_ERROR;
				CLANG_WARN_EMPTY_BODY = YES;
				CLANG_WARN_ENUM_CONVERSION = YES;
				CLANG_WARN_INT_CONVERSION = YES;
				CLANG_WARN_OBJC_ROOT_CLASS = YES_ERROR;
				CLANG_WARN_UNREACHABLE_CODE = YES;
				CLANG_WARN__DUPLICATE_METHOD_MATCH = YES;
				CODE_SIGN_IDENTITY = "-";
				COPY_PHASE_STRIP = NO;
				DEBUG_INFORMATION_FORMAT = "dwarf-with-dsym";
				ENABLE_NS_ASSERTIONS = NO;
				ENABLE_STRICT_OBJC_MSGSEND = YES;
				GCC_C_LANGUAGE_STANDARD = gnu99;
				GCC_NO_COMMON_BLOCKS = YES;
				GCC_WARN_64_TO_32_BIT_CONVERSION = YES;
				GCC_WARN_ABOUT_RETURN_TYPE = YES_ERROR;
				GCC_WARN_UNDECLARED_SELECTOR = YES;
				GCC_WARN_UNINITIALIZED_AUTOS = YES_AGGRESSIVE;
				GCC_WARN_UNUSED_FUNCTION = YES;
				GCC_WARN_UNUSED_VARIABLE = YES;
				MACOSX_DEPLOYMENT_TARGET = 10.11;
				MTL_ENABLE_DEBUG_INFO = NO;
				SDKROOT = macosx;
			};
			name = Release;
		};
		849EB1581CE9A78500248AC4 /* Debug */ = {
			isa = XCBuildConfiguration;
			buildSettings = {
				CLANG_ENABLE_MODULES = YES;
				LD_RUNPATH_SEARCH_PATHS = "$(inherited) @executable_path/../Frameworks @loader_path/../Frameworks";
				PRODUCT_NAME = "$(TARGET_NAME)";
				SWIFT_OBJC_BRIDGING_HEADER = "JsonModel/JsonModel-Bridging-Header.h";
				SWIFT_OPTIMIZATION_LEVEL = "-Onone";
				SWIFT_VERSION = 3.0;
			};
			name = Debug;
		};
		849EB1591CE9A78500248AC4 /* Release */ = {
			isa = XCBuildConfiguration;
			buildSettings = {
				CLANG_ENABLE_MODULES = YES;
				LD_RUNPATH_SEARCH_PATHS = "$(inherited) @executable_path/../Frameworks @loader_path/../Frameworks";
				PRODUCT_NAME = "$(TARGET_NAME)";
				SWIFT_OBJC_BRIDGING_HEADER = "JsonModel/JsonModel-Bridging-Header.h";
				SWIFT_VERSION = 3.0;
			};
			name = Release;
		};
/* End XCBuildConfiguration section */

/* Begin XCConfigurationList section */
		849EB14B1CE9A78500248AC4 /* Build configuration list for PBXProject "JsonModel" */ = {
			isa = XCConfigurationList;
			buildConfigurations = (
				849EB1551CE9A78500248AC4 /* Debug */,
				849EB1561CE9A78500248AC4 /* Release */,
			);
			defaultConfigurationIsVisible = 0;
			defaultConfigurationName = Release;
		};
		849EB1571CE9A78500248AC4 /* Build configuration list for PBXNativeTarget "JsonModel" */ = {
			isa = XCConfigurationList;
			buildConfigurations = (
				849EB1581CE9A78500248AC4 /* Debug */,
				849EB1591CE9A78500248AC4 /* Release */,
			);
			defaultConfigurationIsVisible = 0;
			defaultConfigurationName = Release;
		};
/* End XCConfigurationList section */
	};
	rootObject = 849EB1481CE9A78500248AC4 /* Project object */;
}
